
Microsoft Visual Studio Solution File, Format Version 12.00
# Visual Studio Version 17
VisualStudioVersion = 17.8.34330.188
MinimumVisualStudioVersion = 10.0.40219.1
Project("{9A19103F-16F7-4668-BE54-9A1E7A4F7556}") = "MvvmSample.WPF", "MvvmSample.WPF.csproj", "{DBAE5614-B237-493C-B8E3-C3BF45C7E38A}"
EndProject
Global
	GlobalSection(SolutionConfigurationPlatforms) = preSolution
		Debug|Any CPU = Debug|Any CPU
		Release|Any CPU = Release|Any CPU
	EndGlobalSection
	GlobalSection(ProjectConfigurationPlatforms) = postSolution
		{DBAE5614-B237-493C-B8E3-C3BF45C7E38A}.Debug|Any CPU.ActiveCfg = Debug|Any CPU
		{DBAE5614-B237-493C-B8E3-C3BF45C7E38A}.Debug|Any CPU.Build.0 = Debug|Any CPU
		{DBAE5614-B237-493C-B8E3-C3BF45C7E38A}.Release|Any CPU.ActiveCfg = Release|Any CPU
		{DBAE5614-B237-493C-B8E3-C3BF45C7E38A}.Release|Any CPU.Build.0 = Release|Any CPU
	EndGlobalSection
	GlobalSection(SolutionProperties) = preSolution
		HideSolutionNode = FALSE
	EndGlobalSection
	GlobalSection(ExtensibilityGlobals) = postSolution
		SolutionGuid = {D5074EC8-DBFD-4DD1-B992-966FBCC65CB0}
	EndGlobalSection
EndGlobal
